
Microsoft Visual Studio Solution File, Format Version 12.00
# Visual Studio 15
Project("{FAE04EC0-301F-11D3-BF4B-00C04F79EFBC}") = "UnityEngine.UI", "UnityEngine.UI.csproj", "{1C8D7BDB-A8B8-B78F-512B-676A0F966D1E}"
EndProject
Project("{FAE04EC0-301F-11D3-BF4B-00C04F79EFBC}") = "UnityEngine.TestRunner", "UnityEngine.TestRunner.csproj", "{B6AC4CEC-2781-D3D9-5553-AD9CC0DE74EB}"
EndProject
Project("{FAE04EC0-301F-11D3-BF4B-00C04F79EFBC}") = "Unity.Mathematics", "Unity.Mathematics.csproj", "{DFDCC051-5089-101C-0002-FBE2A89ECB0D}"
EndProject
Project("{FAE04EC0-301F-11D3-BF4B-00C04F79EFBC}") = "Unity.2D.Animation.Triangle.Runtime", "Unity.2D.Animation.Triangle.Runtime.csproj", "{2BCE7B6D-43E9-9DCE-E401-178F08369832}"
EndProject
Project("{FAE04EC0-301F-11D3-BF4B-00C04F79EFBC}") = "Unity.Timeline", "Unity.Timeline.csproj", "{AA210040-C7A3-731D-E240-C6FE346069A5}"
EndProject
Project("{FAE04EC0-301F-11D3-BF4B-00C04F79EFBC}") = "Cinemachine", "Cinemachine.csproj", "{B2B7958A-7195-6BB4-5BB5-8D5F3394BE06}"
EndProject
Project("{FAE04EC0-301F-11D3-BF4B-00C04F79EFBC}") = "Unity.TextMeshPro", "Unity.TextMeshPro.csproj", "{1DBEB622-8542-9A29-1917-9A7C5398A67A}"
EndProject
Project("{FAE04EC0-301F-11D3-BF4B-00C04F79EFBC}") = "Unity.2D.Animation.Runtime", "Unity.2D.Animation.Runtime.csproj", "{7F42D10D-3E62-B709-E2B4-A9BFE003CA62}"
EndProject
Project("{FAE04EC0-301F-11D3-BF4B-00C04F79EFBC}") = "Unity.2D.IK.Runtime", "Unity.2D.IK.Runtime.csproj", "{E45D3B7A-37C0-D8DE-8792-72D8C9636BFD}"
EndProject
Project("{FAE04EC0-301F-11D3-BF4B-00C04F79EFBC}") = "Assembly-CSharp", "Assembly-CSharp.csproj", "{044B5E23-C982-7464-995D-733C715D429E}"
EndProject
Project("{FAE04EC0-301F-11D3-BF4B-00C04F79EFBC}") = "Unity.2D.SpriteShape.Runtime", "Unity.2D.SpriteShape.Runtime.csproj", "{8EBE64DE-AB7C-6F73-1F7D-808D54C7D59C}"
EndProject
Project("{FAE04EC0-301F-11D3-BF4B-00C04F79EFBC}") = "Unity.2D.PixelPerfect", "Unity.2D.PixelPerfect.csproj", "{5E43D1EF-DE3C-E870-A97F-C9CC9B88E0BD}"
EndProject
Project("{FAE04EC0-301F-11D3-BF4B-00C04F79EFBC}") = "Unity.2D.Common.Runtime", "Unity.2D.Common.Runtime.csproj", "{73156A3B-9550-793E-39E3-3DDD93FB2A57}"
EndProject
Project("{FAE04EC0-301F-11D3-BF4B-00C04F79EFBC}") = "Unity.InternalAPIEngineBridge.001", "Unity.InternalAPIEngineBridge.001.csproj", "{EBBA2D5A-4A05-4DB5-0F1A-B37D48FBCED4}"
EndProject
Project("{FAE04EC0-301F-11D3-BF4B-00C04F79EFBC}") = "UnityEditor.TestRunner", "UnityEditor.TestRunner.csproj", "{7A65876E-767D-921E-6249-9484106D0F27}"
EndProject
Project("{FAE04EC0-301F-11D3-BF4B-00C04F79EFBC}") = "UnityEditor.UI", "UnityEditor.UI.csproj", "{549607FC-5150-3956-4138-2F0F68AC24F2}"
EndProject
Project("{FAE04EC0-301F-11D3-BF4B-00C04F79EFBC}") = "Unity.Timeline.Editor", "Unity.Timeline.Editor.csproj", "{BD6EEA72-40E4-6F2E-BDA3-77CFAC5C6BAC}"
EndProject
Project("{FAE04EC0-301F-11D3-BF4B-00C04F79EFBC}") = "Unity.VisualStudio.Editor", "Unity.VisualStudio.Editor.csproj", "{A0031C7E-014C-CA5E-9123-AC553010FD5B}"
EndProject
Project("{FAE04EC0-301F-11D3-BF4B-00C04F79EFBC}") = "com.unity.cinemachine.editor", "com.unity.cinemachine.editor.csproj", "{F952C616-72F5-F4EA-E089-68EF93CD1703}"
EndProject
Project("{FAE04EC0-301F-11D3-BF4B-00C04F79EFBC}") = "Unity.2D.Psdimporter.Editor", "Unity.2D.Psdimporter.Editor.csproj", "{E647534E-0820-14CF-5554-D4BB942D8AC6}"
EndProject
Project("{FAE04EC0-301F-11D3-BF4B-00C04F79EFBC}") = "Unity.2D.Animation.Editor", "Unity.2D.Animation.Editor.csproj", "{97E6B699-A79A-2483-00C8-EC2E33D2981E}"
EndProject
Project("{FAE04EC0-301F-11D3-BF4B-00C04F79EFBC}") = "Unity.TextMeshPro.Editor", "Unity.TextMeshPro.Editor.csproj", "{2E0EF95A-60D2-CCAB-3CA7-0B133CE08DC8}"
EndProject
Project("{FAE04EC0-301F-11D3-BF4B-00C04F79EFBC}") = "Unity.2D.SpriteShape.Editor", "Unity.2D.SpriteShape.Editor.csproj", "{3C771575-4E5D-9D95-A43C-CF3F79F3599E}"
EndProject
Project("{FAE04EC0-301F-11D3-BF4B-00C04F79EFBC}") = "Unity.CollabProxy.Editor", "Unity.CollabProxy.Editor.csproj", "{2DEF02FF-E972-09BD-0D25-A3FC7E43D517}"
EndProject
Project("{FAE04EC0-301F-11D3-BF4B-00C04F79EFBC}") = "PsdPlugin", "PsdPlugin.csproj", "{84277297-F291-1C41-B92B-93C957E60C6E}"
EndProject
Project("{FAE04EC0-301F-11D3-BF4B-00C04F79EFBC}") = "Unity.2D.Path.Editor", "Unity.2D.Path.Editor.csproj", "{A7DA6A10-6188-A939-7E56-2D9786B119C8}"
EndProject
Project("{FAE04EC0-301F-11D3-BF4B-00C04F79EFBC}") = "Unity.Rider.Editor", "Unity.Rider.Editor.csproj", "{0A624364-7F65-4C25-8E95-C06AF081DEA5}"
EndProject
Project("{FAE04EC0-301F-11D3-BF4B-00C04F79EFBC}") = "Unity.2D.IK.Editor", "Unity.2D.IK.Editor.csproj", "{E899CCD4-F4A0-4283-BA77-21D952271054}"
EndProject
Project("{FAE04EC0-301F-11D3-BF4B-00C04F79EFBC}") = "Unity.2D.Sprite.Editor", "Unity.2D.Sprite.Editor.csproj", "{3C086768-DB30-6098-F2BD-CFC880463EED}"
EndProject
Project("{FAE04EC0-301F-11D3-BF4B-00C04F79EFBC}") = "Unity.2D.Tilemap.Editor", "Unity.2D.Tilemap.Editor.csproj", "{E7AEB469-0243-B859-7777-2FA5348DFBE1}"
EndProject
Project("{FAE04EC0-301F-11D3-BF4B-00C04F79EFBC}") = "Unity.2D.PixelPerfect.Editor", "Unity.2D.PixelPerfect.Editor.csproj", "{90DF75E8-80BB-2E86-D1DF-56074EEF69A2}"
EndProject
Project("{FAE04EC0-301F-11D3-BF4B-00C04F79EFBC}") = "Unity.VSCode.Editor", "Unity.VSCode.Editor.csproj", "{A7295446-4773-E3B6-B627-812116FCBAE3}"
EndProject
Project("{FAE04EC0-301F-11D3-BF4B-00C04F79EFBC}") = "Unity.2D.Common.Editor", "Unity.2D.Common.Editor.csproj", "{71F4C3A2-F506-3DB1-702C-6998B91808E6}"
EndProject
Project("{FAE04EC0-301F-11D3-BF4B-00C04F79EFBC}") = "Unity.Mathematics.Editor", "Unity.Mathematics.Editor.csproj", "{5791C52A-5E61-19F3-C482-BC84FB27B52C}"
EndProject
Project("{FAE04EC0-301F-11D3-BF4B-00C04F79EFBC}") = "Unity.InternalAPIEditorBridge.001", "Unity.InternalAPIEditorBridge.001.csproj", "{26C8F6FE-5EDD-8F29-0CB4-61BAC27403A2}"
EndProject
Global
	GlobalSection(SolutionConfigurationPlatforms) = preSolution
		Debug|Any CPU = Debug|Any CPU
		Release|Any CPU = Release|Any CPU
	EndGlobalSection
	GlobalSection(ProjectConfigurationPlatforms) = postSolution
		{1C8D7BDB-A8B8-B78F-512B-676A0F966D1E}.Debug|Any CPU.ActiveCfg = Debug|Any CPU
		{1C8D7BDB-A8B8-B78F-512B-676A0F966D1E}.Debug|Any CPU.Build.0 = Debug|Any CPU
		{1C8D7BDB-A8B8-B78F-512B-676A0F966D1E}.Release|Any CPU.ActiveCfg = Release|Any CPU
		{1C8D7BDB-A8B8-B78F-512B-676A0F966D1E}.Release|Any CPU.Build.0 = Release|Any CPU
		{B6AC4CEC-2781-D3D9-5553-AD9CC0DE74EB}.Debug|Any CPU.ActiveCfg = Debug|Any CPU
		{B6AC4CEC-2781-D3D9-5553-AD9CC0DE74EB}.Debug|Any CPU.Build.0 = Debug|Any CPU
		{B6AC4CEC-2781-D3D9-5553-AD9CC0DE74EB}.Release|Any CPU.ActiveCfg = Release|Any CPU
		{B6AC4CEC-2781-D3D9-5553-AD9CC0DE74EB}.Release|Any CPU.Build.0 = Release|Any CPU
		{DFDCC051-5089-101C-0002-FBE2A89ECB0D}.Debug|Any CPU.ActiveCfg = Debug|Any CPU
		{DFDCC051-5089-101C-0002-FBE2A89ECB0D}.Debug|Any CPU.Build.0 = Debug|Any CPU
		{DFDCC051-5089-101C-0002-FBE2A89ECB0D}.Release|Any CPU.ActiveCfg = Release|Any CPU
		{DFDCC051-5089-101C-0002-FBE2A89ECB0D}.Release|Any CPU.Build.0 = Release|Any CPU
		{2BCE7B6D-43E9-9DCE-E401-178F08369832}.Debug|Any CPU.ActiveCfg = Debug|Any CPU
		{2BCE7B6D-43E9-9DCE-E401-178F08369832}.Debug|Any CPU.Build.0 = Debug|Any CPU
		{2BCE7B6D-43E9-9DCE-E401-178F08369832}.Release|Any CPU.ActiveCfg = Release|Any CPU
		{2BCE7B6D-43E9-9DCE-E401-178F08369832}.Release|Any CPU.Build.0 = Release|Any CPU
		{AA210040-C7A3-731D-E240-C6FE346069A5}.Debug|Any CPU.ActiveCfg = Debug|Any CPU
		{AA210040-C7A3-731D-E240-C6FE346069A5}.Debug|Any CPU.Build.0 = Debug|Any CPU
		{AA210040-C7A3-731D-E240-C6FE346069A5}.Release|Any CPU.ActiveCfg = Release|Any CPU
		{AA210040-C7A3-731D-E240-C6FE346069A5}.Release|Any CPU.Build.0 = Release|Any CPU
		{B2B7958A-7195-6BB4-5BB5-8D5F3394BE06}.Debug|Any CPU.ActiveCfg = Debug|Any CPU
		{B2B7958A-7195-6BB4-5BB5-8D5F3394BE06}.Debug|Any CPU.Build.0 = Debug|Any CPU
		{B2B7958A-7195-6BB4-5BB5-8D5F3394BE06}.Release|Any CPU.ActiveCfg = Release|Any CPU
		{B2B7958A-7195-6BB4-5BB5-8D5F3394BE06}.Release|Any CPU.Build.0 = Release|Any CPU
		{1DBEB622-8542-9A29-1917-9A7C5398A67A}.Debug|Any CPU.ActiveCfg = Debug|Any CPU
		{1DBEB622-8542-9A29-1917-9A7C5398A67A}.Debug|Any CPU.Build.0 = Debug|Any CPU
		{1DBEB622-8542-9A29-1917-9A7C5398A67A}.Release|Any CPU.ActiveCfg = Release|Any CPU
		{1DBEB622-8542-9A29-1917-9A7C5398A67A}.Release|Any CPU.Build.0 = Release|Any CPU
		{7F42D10D-3E62-B709-E2B4-A9BFE003CA62}.Debug|Any CPU.ActiveCfg = Debug|Any CPU
		{7F42D10D-3E62-B709-E2B4-A9BFE003CA62}.Debug|Any CPU.Build.0 = Debug|Any CPU
		{7F42D10D-3E62-B709-E2B4-A9BFE003CA62}.Release|Any CPU.ActiveCfg = Release|Any CPU
		{7F42D10D-3E62-B709-E2B4-A9BFE003CA62}.Release|Any CPU.Build.0 = Release|Any CPU
		{E45D3B7A-37C0-D8DE-8792-72D8C9636BFD}.Debug|Any CPU.ActiveCfg = Debug|Any CPU
		{E45D3B7A-37C0-D8DE-8792-72D8C9636BFD}.Debug|Any CPU.Build.0 = Debug|Any CPU
		{E45D3B7A-37C0-D8DE-8792-72D8C9636BFD}.Release|Any CPU.ActiveCfg = Release|Any CPU
		{E45D3B7A-37C0-D8DE-8792-72D8C9636BFD}.Release|Any CPU.Build.0 = Release|Any CPU
		{044B5E23-C982-7464-995D-733C715D429E}.Debug|Any CPU.ActiveCfg = Debug|Any CPU
		{044B5E23-C982-7464-995D-733C715D429E}.Debug|Any CPU.Build.0 = Debug|Any CPU
		{044B5E23-C982-7464-995D-733C715D429E}.Release|Any CPU.ActiveCfg = Release|Any CPU
		{044B5E23-C982-7464-995D-733C715D429E}.Release|Any CPU.Build.0 = Release|Any CPU
		{8EBE64DE-AB7C-6F73-1F7D-808D54C7D59C}.Debug|Any CPU.ActiveCfg = Debug|Any CPU
		{8EBE64DE-AB7C-6F73-1F7D-808D54C7D59C}.Debug|Any CPU.Build.0 = Debug|Any CPU
		{8EBE64DE-AB7C-6F73-1F7D-808D54C7D59C}.Release|Any CPU.ActiveCfg = Release|Any CPU
		{8EBE64DE-AB7C-6F73-1F7D-808D54C7D59C}.Release|Any CPU.Build.0 = Release|Any CPU
		{5E43D1EF-DE3C-E870-A97F-C9CC9B88E0BD}.Debug|Any CPU.ActiveCfg = Debug|Any CPU
		{5E43D1EF-DE3C-E870-A97F-C9CC9B88E0BD}.Debug|Any CPU.Build.0 = Debug|Any CPU
		{5E43D1EF-DE3C-E870-A97F-C9CC9B88E0BD}.Release|Any CPU.ActiveCfg = Release|Any CPU
		{5E43D1EF-DE3C-E870-A97F-C9CC9B88E0BD}.Release|Any CPU.Build.0 = Release|Any CPU
		{73156A3B-9550-793E-39E3-3DDD93FB2A57}.Debug|Any CPU.ActiveCfg = Debug|Any CPU
		{73156A3B-9550-793E-39E3-3DDD93FB2A57}.Debug|Any CPU.Build.0 = Debug|Any CPU
		{73156A3B-9550-793E-39E3-3DDD93FB2A57}.Release|Any CPU.ActiveCfg = Release|Any CPU
		{73156A3B-9550-793E-39E3-3DDD93FB2A57}.Release|Any CPU.Build.0 = Release|Any CPU
		{EBBA2D5A-4A05-4DB5-0F1A-B37D48FBCED4}.Debug|Any CPU.ActiveCfg = Debug|Any CPU
		{EBBA2D5A-4A05-4DB5-0F1A-B37D48FBCED4}.Debug|Any CPU.Build.0 = Debug|Any CPU
		{EBBA2D5A-4A05-4DB5-0F1A-B37D48FBCED4}.Release|Any CPU.ActiveCfg = Release|Any CPU
		{EBBA2D5A-4A05-4DB5-0F1A-B37D48FBCED4}.Release|Any CPU.Build.0 = Release|Any CPU
		{7A65876E-767D-921E-6249-9484106D0F27}.Debug|Any CPU.ActiveCfg = Debug|Any CPU
		{7A65876E-767D-921E-6249-9484106D0F27}.Debug|Any CPU.Build.0 = Debug|Any CPU
		{7A65876E-767D-921E-6249-9484106D0F27}.Release|Any CPU.ActiveCfg = Release|Any CPU
		{7A65876E-767D-921E-6249-9484106D0F27}.Release|Any CPU.Build.0 = Release|Any CPU
		{549607FC-5150-3956-4138-2F0F68AC24F2}.Debug|Any CPU.ActiveCfg = Debug|Any CPU
		{549607FC-5150-3956-4138-2F0F68AC24F2}.Debug|Any CPU.Build.0 = Debug|Any CPU
		{549607FC-5150-3956-4138-2F0F68AC24F2}.Release|Any CPU.ActiveCfg = Release|Any CPU
		{549607FC-5150-3956-4138-2F0F68AC24F2}.Release|Any CPU.Build.0 = Release|Any CPU
		{BD6EEA72-40E4-6F2E-BDA3-77CFAC5C6BAC}.Debug|Any CPU.ActiveCfg = Debug|Any CPU
		{BD6EEA72-40E4-6F2E-BDA3-77CFAC5C6BAC}.Debug|Any CPU.Build.0 = Debug|Any CPU
		{BD6EEA72-40E4-6F2E-BDA3-77CFAC5C6BAC}.Release|Any CPU.ActiveCfg = Release|Any CPU
		{BD6EEA72-40E4-6F2E-BDA3-77CFAC5C6BAC}.Release|Any CPU.Build.0 = Release|Any CPU
		{A0031C7E-014C-CA5E-9123-AC553010FD5B}.Debug|Any CPU.ActiveCfg = Debug|Any CPU
		{A0031C7E-014C-CA5E-9123-AC553010FD5B}.Debug|Any CPU.Build.0 = Debug|Any CPU
		{A0031C7E-014C-CA5E-9123-AC553010FD5B}.Release|Any CPU.ActiveCfg = Release|Any CPU
		{A0031C7E-014C-CA5E-9123-AC553010FD5B}.Release|Any CPU.Build.0 = Release|Any CPU
		{F952C616-72F5-F4EA-E089-68EF93CD1703}.Debug|Any CPU.ActiveCfg = Debug|Any CPU
		{F952C616-72F5-F4EA-E089-68EF93CD1703}.Debug|Any CPU.Build.0 = Debug|Any CPU
		{F952C616-72F5-F4EA-E089-68EF93CD1703}.Release|Any CPU.ActiveCfg = Release|Any CPU
		{F952C616-72F5-F4EA-E089-68EF93CD1703}.Release|Any CPU.Build.0 = Release|Any CPU
		{E647534E-0820-14CF-5554-D4BB942D8AC6}.Debug|Any CPU.ActiveCfg = Debug|Any CPU
		{E647534E-0820-14CF-5554-D4BB942D8AC6}.Debug|Any CPU.Build.0 = Debug|Any CPU
		{E647534E-0820-14CF-5554-D4BB942D8AC6}.Release|Any CPU.ActiveCfg = Release|Any CPU
		{E647534E-0820-14CF-5554-D4BB942D8AC6}.Release|Any CPU.Build.0 = Release|Any CPU
		{97E6B699-A79A-2483-00C8-EC2E33D2981E}.Debug|Any CPU.ActiveCfg = Debug|Any CPU
		{97E6B699-A79A-2483-00C8-EC2E33D2981E}.Debug|Any CPU.Build.0 = Debug|Any CPU
		{97E6B699-A79A-2483-00C8-EC2E33D2981E}.Release|Any CPU.ActiveCfg = Release|Any CPU
		{97E6B699-A79A-2483-00C8-EC2E33D2981E}.Release|Any CPU.Build.0 = Release|Any CPU
		{2E0EF95A-60D2-CCAB-3CA7-0B133CE08DC8}.Debug|Any CPU.ActiveCfg = Debug|Any CPU
		{2E0EF95A-60D2-CCAB-3CA7-0B133CE08DC8}.Debug|Any CPU.Build.0 = Debug|Any CPU
		{2E0EF95A-60D2-CCAB-3CA7-0B133CE08DC8}.Release|Any CPU.ActiveCfg = Release|Any CPU
		{2E0EF95A-60D2-CCAB-3CA7-0B133CE08DC8}.Release|Any CPU.Build.0 = Release|Any CPU
		{3C771575-4E5D-9D95-A43C-CF3F79F3599E}.Debug|Any CPU.ActiveCfg = Debug|Any CPU
		{3C771575-4E5D-9D95-A43C-CF3F79F3599E}.Debug|Any CPU.Build.0 = Debug|Any CPU
		{3C771575-4E5D-9D95-A43C-CF3F79F3599E}.Release|Any CPU.ActiveCfg = Release|Any CPU
		{3C771575-4E5D-9D95-A43C-CF3F79F3599E}.Release|Any CPU.Build.0 = Release|Any CPU
		{2DEF02FF-E972-09BD-0D25-A3FC7E43D517}.Debug|Any CPU.ActiveCfg = Debug|Any CPU
		{2DEF02FF-E972-09BD-0D25-A3FC7E43D517}.Debug|Any CPU.Build.0 = Debug|Any CPU
		{2DEF02FF-E972-09BD-0D25-A3FC7E43D517}.Release|Any CPU.ActiveCfg = Release|Any CPU
		{2DEF02FF-E972-09BD-0D25-A3FC7E43D517}.Release|Any CPU.Build.0 = Release|Any CPU
		{84277297-F291-1C41-B92B-93C957E60C6E}.Debug|Any CPU.ActiveCfg = Debug|Any CPU
		{84277297-F291-1C41-B92B-93C957E60C6E}.Debug|Any CPU.Build.0 = Debug|Any CPU
		{84277297-F291-1C41-B92B-93C957E60C6E}.Release|Any CPU.ActiveCfg = Release|Any CPU
		{84277297-F291-1C41-B92B-93C957E60C6E}.Release|Any CPU.Build.0 = Release|Any CPU
		{A7DA6A10-6188-A939-7E56-2D9786B119C8}.Debug|Any CPU.ActiveCfg = Debug|Any CPU
		{A7DA6A10-6188-A939-7E56-2D9786B119C8}.Debug|Any CPU.Build.0 = Debug|Any CPU
		{A7DA6A10-6188-A939-7E56-2D9786B119C8}.Release|Any CPU.ActiveCfg = Release|Any CPU
		{A7DA6A10-6188-A939-7E56-2D9786B119C8}.Release|Any CPU.Build.0 = Release|Any CPU
		{0A624364-7F65-4C25-8E95-C06AF081DEA5}.Debug|Any CPU.ActiveCfg = Debug|Any CPU
		{0A624364-7F65-4C25-8E95-C06AF081DEA5}.Debug|Any CPU.Build.0 = Debug|Any CPU
		{0A624364-7F65-4C25-8E95-C06AF081DEA5}.Release|Any CPU.ActiveCfg = Release|Any CPU
		{0A624364-7F65-4C25-8E95-C06AF081DEA5}.Release|Any CPU.Build.0 = Release|Any CPU
		{E899CCD4-F4A0-4283-BA77-21D952271054}.Debug|Any CPU.ActiveCfg = Debug|Any CPU
		{E899CCD4-F4A0-4283-BA77-21D952271054}.Debug|Any CPU.Build.0 = Debug|Any CPU
		{E899CCD4-F4A0-4283-BA77-21D952271054}.Release|Any CPU.ActiveCfg = Release|Any CPU
		{E899CCD4-F4A0-4283-BA77-21D952271054}.Release|Any CPU.Build.0 = Release|Any CPU
		{3C086768-DB30-6098-F2BD-CFC880463EED}.Debug|Any CPU.ActiveCfg = Debug|Any CPU
		{3C086768-DB30-6098-F2BD-CFC880463EED}.Debug|Any CPU.Build.0 = Debug|Any CPU
		{3C086768-DB30-6098-F2BD-CFC880463EED}.Release|Any CPU.ActiveCfg = Release|Any CPU
		{3C086768-DB30-6098-F2BD-CFC880463EED}.Release|Any CPU.Build.0 = Release|Any CPU
		{E7AEB469-0243-B859-7777-2FA5348DFBE1}.Debug|Any CPU.ActiveCfg = Debug|Any CPU
		{E7AEB469-0243-B859-7777-2FA5348DFBE1}.Debug|Any CPU.Build.0 = Debug|Any CPU
		{E7AEB469-0243-B859-7777-2FA5348DFBE1}.Release|Any CPU.ActiveCfg = Release|Any CPU
		{E7AEB469-0243-B859-7777-2FA5348DFBE1}.Release|Any CPU.Build.0 = Release|Any CPU
		{90DF75E8-80BB-2E86-D1DF-56074EEF69A2}.Debug|Any CPU.ActiveCfg = Debug|Any CPU
		{90DF75E8-80BB-2E86-D1DF-56074EEF69A2}.Debug|Any CPU.Build.0 = Debug|Any CPU
		{90DF75E8-80BB-2E86-D1DF-56074EEF69A2}.Release|Any CPU.ActiveCfg = Release|Any CPU
		{90DF75E8-80BB-2E86-D1DF-56074EEF69A2}.Release|Any CPU.Build.0 = Release|Any CPU
		{A7295446-4773-E3B6-B627-812116FCBAE3}.Debug|Any CPU.ActiveCfg = Debug|Any CPU
		{A7295446-4773-E3B6-B627-812116FCBAE3}.Debug|Any CPU.Build.0 = Debug|Any CPU
		{A7295446-4773-E3B6-B627-812116FCBAE3}.Release|Any CPU.ActiveCfg = Release|Any CPU
		{A7295446-4773-E3B6-B627-812116FCBAE3}.Release|Any CPU.Build.0 = Release|Any CPU
		{71F4C3A2-F506-3DB1-702C-6998B91808E6}.Debug|Any CPU.ActiveCfg = Debug|Any CPU
		{71F4C3A2-F506-3DB1-702C-6998B91808E6}.Debug|Any CPU.Build.0 = Debug|Any CPU
		{71F4C3A2-F506-3DB1-702C-6998B91808E6}.Release|Any CPU.ActiveCfg = Release|Any CPU
		{71F4C3A2-F506-3DB1-702C-6998B91808E6}.Release|Any CPU.Build.0 = Release|Any CPU
		{5791C52A-5E61-19F3-C482-BC84FB27B52C}.Debug|Any CPU.ActiveCfg = Debug|Any CPU
		{5791C52A-5E61-19F3-C482-BC84FB27B52C}.Debug|Any CPU.Build.0 = Debug|Any CPU
		{5791C52A-5E61-19F3-C482-BC84FB27B52C}.Release|Any CPU.ActiveCfg = Release|Any CPU
		{5791C52A-5E61-19F3-C482-BC84FB27B52C}.Release|Any CPU.Build.0 = Release|Any CPU
		{26C8F6FE-5EDD-8F29-0CB4-61BAC27403A2}.Debug|Any CPU.ActiveCfg = Debug|Any CPU
		{26C8F6FE-5EDD-8F29-0CB4-61BAC27403A2}.Debug|Any CPU.Build.0 = Debug|Any CPU
		{26C8F6FE-5EDD-8F29-0CB4-61BAC27403A2}.Release|Any CPU.ActiveCfg = Release|Any CPU
		{26C8F6FE-5EDD-8F29-0CB4-61BAC27403A2}.Release|Any CPU.Build.0 = Release|Any CPU
	EndGlobalSection
	GlobalSection(SolutionProperties) = preSolution
		HideSolutionNode = FALSE
	EndGlobalSection
EndGlobal
